
Microsoft Visual Studio Solution File, Format Version 12.00
# Visual Studio Version 17
VisualStudioVersion = 17.6.33801.468
MinimumVisualStudioVersion = 10.0.40219.1
Project("{9A19103F-16F7-4668-BE54-9A1E7A4F7556}") = "LotteryGameWebAPI", "LotteryGameWebAPI\LotteryGameWebAPI.csproj", "{6D7571F6-2EA4-485A-B86A-83820D21CFEF}"
EndProject
Project("{FAE04EC0-301F-11D3-BF4B-00C04F79EFBC}") = "Module", "Module\Module.csproj", "{8DA3162F-865D-4AFB-B63D-B8E7F4FCB3EC}"
EndProject
Global
	GlobalSection(SolutionConfigurationPlatforms) = preSolution
		Debug|Any CPU = Debug|Any CPU
		Release|Any CPU = Release|Any CPU
	EndGlobalSection
	GlobalSection(ProjectConfigurationPlatforms) = postSolution
		{6D7571F6-2EA4-485A-B86A-83820D21CFEF}.Debug|Any CPU.ActiveCfg = Debug|Any CPU
		{6D7571F6-2EA4-485A-B86A-83820D21CFEF}.Debug|Any CPU.Build.0 = Debug|Any CPU
		{6D7571F6-2EA4-485A-B86A-83820D21CFEF}.Release|Any CPU.ActiveCfg = Release|Any CPU
		{6D7571F6-2EA4-485A-B86A-83820D21CFEF}.Release|Any CPU.Build.0 = Release|Any CPU
		{8DA3162F-865D-4AFB-B63D-B8E7F4FCB3EC}.Debug|Any CPU.ActiveCfg = Debug|Any CPU
		{8DA3162F-865D-4AFB-B63D-B8E7F4FCB3EC}.Debug|Any CPU.Build.0 = Debug|Any CPU
		{8DA3162F-865D-4AFB-B63D-B8E7F4FCB3EC}.Release|Any CPU.ActiveCfg = Release|Any CPU
		{8DA3162F-865D-4AFB-B63D-B8E7F4FCB3EC}.Release|Any CPU.Build.0 = Release|Any CPU
	EndGlobalSection
	GlobalSection(SolutionProperties) = preSolution
		HideSolutionNode = FALSE
	EndGlobalSection
	GlobalSection(ExtensibilityGlobals) = postSolution
		SolutionGuid = {88379B95-4AD3-45D9-AA5D-9074CA2E317B}
	EndGlobalSection
EndGlobal
